
Microsoft Visual Studio Solution File, Format Version 12.00
# Visual Studio 15
VisualStudioVersion = 15.0.28307.168
MinimumVisualStudioVersion = 10.0.40219.1
Project("{8BC9CEB8-8B4A-11D0-8D11-00A0C91BC942}") = "Assignment", "Assignment\Assignment.vcxproj", "{3DCFCF54-6C3F-4869-8E71-26A3AD83ECAE}"
EndProject
Global
	GlobalSection(SolutionConfigurationPlatforms) = preSolution
		Debug|x64 = Debug|x64
		Debug|x86 = Debug|x86
		Release|x64 = Release|x64
		Release|x86 = Release|x86
	EndGlobalSection
	GlobalSection(ProjectConfigurationPlatforms) = postSolution
		{3DCFCF54-6C3F-4869-8E71-26A3AD83ECAE}.Debug|x64.ActiveCfg = Debug|x64
		{3DCFCF54-6C3F-4869-8E71-26A3AD83ECAE}.Debug|x64.Build.0 = Debug|x64
		{3DCFCF54-6C3F-4869-8E71-26A3AD83ECAE}.Debug|x86.ActiveCfg = Debug|Win32
		{3DCFCF54-6C3F-4869-8E71-26A3AD83ECAE}.Debug|x86.Build.0 = Debug|Win32
		{3DCFCF54-6C3F-4869-8E71-26A3AD83ECAE}.Release|x64.ActiveCfg = Release|x64
		{3DCFCF54-6C3F-4869-8E71-26A3AD83ECAE}.Release|x64.Build.0 = Release|x64
		{3DCFCF54-6C3F-4869-8E71-26A3AD83ECAE}.Release|x86.ActiveCfg = Release|Win32
		{3DCFCF54-6C3F-4869-8E71-26A3AD83ECAE}.Release|x86.Build.0 = Release|Win32
	EndGlobalSection
	GlobalSection(SolutionProperties) = preSolution
		HideSolutionNode = FALSE
	EndGlobalSection
	GlobalSection(ExtensibilityGlobals) = postSolution
		SolutionGuid = {2B9EC563-F579-456C-902A-5BA1450F2F11}
	EndGlobalSection
EndGlobal
